// !$*UTF8*$!
{
	archiveVersion = 1;
	classes = {
	};
	objectVersion = 50;
	objects = {

/* Begin PBXFileReference section */
		5382010226B8B03800A3AF77 /* mlx.h */ = {isa = PBXFileReference; lastKnownFileType = sourcecode.c.h; path = mlx.h; sourceTree = "<group>"; };
		5382010326B8B03800A3AF77 /* mlx_rgb.c */ = {isa = PBXFileReference; lastKnownFileType = sourcecode.c.c; path = mlx_rgb.c; sourceTree = "<group>"; };
		5382010426B8B03800A3AF77 /* libmlx.a */ = {isa = PBXFileReference; lastKnownFileType = archive.ar; path = libmlx.a; sourceTree = "<group>"; };
		5382010526B8B03800A3AF77 /* mlx_shaders.o */ = {isa = PBXFileReference; lastKnownFileType = "compiled.mach-o.objfile"; path = mlx_shaders.o; sourceTree = "<group>"; };
		5382010626B8B03800A3AF77 /* mlx_int_str_to_wordtab.c */ = {isa = PBXFileReference; lastKnownFileType = sourcecode.c.c; path = mlx_int_str_to_wordtab.c; sourceTree = "<group>"; };
		5382010726B8B03800A3AF77 /* mlx_mouse.o */ = {isa = PBXFileReference; lastKnownFileType = "compiled.mach-o.objfile"; path = mlx_mouse.o; sourceTree = "<group>"; };
		5382010826B8B03800A3AF77 /* mlx_opengl.m */ = {isa = PBXFileReference; lastKnownFileType = sourcecode.c.objc; path = mlx_opengl.m; sourceTree = "<group>"; };
		5382010926B8B03800A3AF77 /* Makefile */ = {isa = PBXFileReference; lastKnownFileType = sourcecode.make; path = Makefile; sourceTree = "<group>"; };
		5382010A26B8B03800A3AF77 /* mlx_init_loop.m */ = {isa = PBXFileReference; lastKnownFileType = sourcecode.c.objc; path = mlx_init_loop.m; sourceTree = "<group>"; };
		5382010B26B8B03800A3AF77 /* font.c */ = {isa = PBXFileReference; lastKnownFileType = sourcecode.c.c; path = font.c; sourceTree = "<group>"; };
		5382010C26B8B03800A3AF77 /* mlx_new_image.m */ = {isa = PBXFileReference; lastKnownFileType = sourcecode.c.objc; path = mlx_new_image.m; sourceTree = "<group>"; };
		5382010D26B8B03800A3AF77 /* mlx_new_window.m */ = {isa = PBXFileReference; lastKnownFileType = sourcecode.c.objc; path = mlx_new_window.m; sourceTree = "<group>"; };
		5382010E26B8B03800A3AF77 /* mlx_xpm.c */ = {isa = PBXFileReference; lastKnownFileType = sourcecode.c.c; path = mlx_xpm.c; sourceTree = "<group>"; };
		5382010F26B8B03800A3AF77 /* font.xcf */ = {isa = PBXFileReference; lastKnownFileType = file; path = font.xcf; sourceTree = "<group>"; };
		5382011026B8B03800A3AF77 /* mlx_png.c */ = {isa = PBXFileReference; lastKnownFileType = sourcecode.c.c; path = mlx_png.c; sourceTree = "<group>"; };
		5382011126B8B03800A3AF77 /* mlx_opengl.h */ = {isa = PBXFileReference; lastKnownFileType = sourcecode.c.h; path = mlx_opengl.h; sourceTree = "<group>"; };
		5382011226B8B03800A3AF77 /* mlx_mouse.m */ = {isa = PBXFileReference; lastKnownFileType = sourcecode.c.objc; path = mlx_mouse.m; sourceTree = "<group>"; };
		5382011326B8B03800A3AF77 /* mlx_shaders.c */ = {isa = PBXFileReference; lastKnownFileType = sourcecode.c.c; path = mlx_shaders.c; sourceTree = "<group>"; };
		5382011426B8B03800A3AF77 /* mlx_int_str_to_wordtab.o */ = {isa = PBXFileReference; lastKnownFileType = "compiled.mach-o.objfile"; path = mlx_int_str_to_wordtab.o; sourceTree = "<group>"; };
		5382011526B8B03800A3AF77 /* mlx_init_loop.o */ = {isa = PBXFileReference; lastKnownFileType = "compiled.mach-o.objfile"; path = mlx_init_loop.o; sourceTree = "<group>"; };
		5382011626B8B03800A3AF77 /* mlx_xpm.o */ = {isa = PBXFileReference; lastKnownFileType = "compiled.mach-o.objfile"; path = mlx_xpm.o; sourceTree = "<group>"; };
		5382011726B8B03800A3AF77 /* mlx_png.h */ = {isa = PBXFileReference; lastKnownFileType = sourcecode.c.h; path = mlx_png.h; sourceTree = "<group>"; };
		5382011826B8B03800A3AF77 /* mlx_int.h */ = {isa = PBXFileReference; lastKnownFileType = sourcecode.c.h; path = mlx_int.h; sourceTree = "<group>"; };
		5382011926B8B03800A3AF77 /* mlx_png.o */ = {isa = PBXFileReference; lastKnownFileType = "compiled.mach-o.objfile"; path = mlx_png.o; sourceTree = "<group>"; };
		5382011A26B8B03800A3AF77 /* mlx_new_window.o */ = {isa = PBXFileReference; lastKnownFileType = "compiled.mach-o.objfile"; path = mlx_new_window.o; sourceTree = "<group>"; };
		5382011B26B8B03800A3AF77 /* mlx_new_window.h */ = {isa = PBXFileReference; lastKnownFileType = sourcecode.c.h; path = mlx_new_window.h; sourceTree = "<group>"; };
		5382011C26B8B03800A3AF77 /* mlx_new_image.o */ = {isa = PBXFileReference; lastKnownFileType = "compiled.mach-o.objfile"; path = mlx_new_image.o; sourceTree = "<group>"; };
/* End PBXFileReference section */

/* Begin PBXGroup section */
		538200FC26B8B03800A3AF77 = {
			isa = PBXGroup;
			children = (
				5382010226B8B03800A3AF77 /* mlx.h */,
				5382010326B8B03800A3AF77 /* mlx_rgb.c */,
				5382010426B8B03800A3AF77 /* libmlx.a */,
				5382010526B8B03800A3AF77 /* mlx_shaders.o */,
				5382010626B8B03800A3AF77 /* mlx_int_str_to_wordtab.c */,
				5382010726B8B03800A3AF77 /* mlx_mouse.o */,
				5382010826B8B03800A3AF77 /* mlx_opengl.m */,
				5382010926B8B03800A3AF77 /* Makefile */,
				5382010A26B8B03800A3AF77 /* mlx_init_loop.m */,
				5382010B26B8B03800A3AF77 /* font.c */,
				5382010C26B8B03800A3AF77 /* mlx_new_image.m */,
				5382010D26B8B03800A3AF77 /* mlx_new_window.m */,
				5382010E26B8B03800A3AF77 /* mlx_xpm.c */,
				5382010F26B8B03800A3AF77 /* font.xcf */,
				5382011026B8B03800A3AF77 /* mlx_png.c */,
				5382011126B8B03800A3AF77 /* mlx_opengl.h */,
				5382011226B8B03800A3AF77 /* mlx_mouse.m */,
				5382011326B8B03800A3AF77 /* mlx_shaders.c */,
				5382011426B8B03800A3AF77 /* mlx_int_str_to_wordtab.o */,
				5382011526B8B03800A3AF77 /* mlx_init_loop.o */,
				5382011626B8B03800A3AF77 /* mlx_xpm.o */,
				5382011726B8B03800A3AF77 /* mlx_png.h */,
				5382011826B8B03800A3AF77 /* mlx_int.h */,
				5382011926B8B03800A3AF77 /* mlx_png.o */,
				5382011A26B8B03800A3AF77 /* mlx_new_window.o */,
				5382011B26B8B03800A3AF77 /* mlx_new_window.h */,
				5382011C26B8B03800A3AF77 /* mlx_new_image.o */,
			);
			sourceTree = "<group>";
		};
/* End PBXGroup section */

/* Begin PBXLegacyTarget section */
		5382010126B8B03800A3AF77 /* mlx */ = {
			isa = PBXLegacyTarget;
			buildArgumentsString = "$(ACTION)";
			buildConfigurationList = 5382011D26B8B03800A3AF77 /* Build configuration list for PBXLegacyTarget "mlx" */;
			buildPhases = (
			);
			buildToolPath = /usr/bin/make;
			buildWorkingDirectory = /Users/cmariot/Desktop/42/So_long/mlx;
			dependencies = (
			);
			name = mlx;
			passBuildSettingsInEnvironment = 1;
			productName = mlx;
		};
/* End PBXLegacyTarget section */

/* Begin PBXProject section */
		538200FD26B8B03800A3AF77 /* Project object */ = {
			isa = PBXProject;
			attributes = {
			};
			buildConfigurationList = 5382010026B8B03800A3AF77 /* Build configuration list for PBXProject "mlx" */;
			compatibilityVersion = "Xcode 9.3";
			developmentRegion = en;
			hasScannedForEncodings = 0;
			knownRegions = (
				en,
				Base,
			);
			mainGroup = 538200FC26B8B03800A3AF77;
			projectDirPath = "";
			projectRoot = "";
			targets = (
				5382010126B8B03800A3AF77 /* mlx */,
			);
		};
/* End PBXProject section */

/* Begin XCBuildConfiguration section */
		538200FE26B8B03800A3AF77 /* Debug */ = {
			isa = XCBuildConfiguration;
			buildSettings = {
				ARCHS = "$(ARCHS_STANDARD_32_BIT)";
				COPY_PHASE_STRIP = NO;
				GCC_WARN_ABOUT_RETURN_TYPE = YES;
				GCC_WARN_UNUSED_VARIABLE = YES;
				ONLY_ACTIVE_ARCH = YES;
				SDKROOT = macosx10.6;
			};
			name = Debug;
		};
		538200FF26B8B03800A3AF77 /* Release */ = {
			isa = XCBuildConfiguration;
			buildSettings = {
				ARCHS = "$(ARCHS_STANDARD_32_BIT)";
				COPY_PHASE_STRIP = YES;
				GCC_WARN_ABOUT_RETURN_TYPE = YES;
				GCC_WARN_UNUSED_VARIABLE = YES;
				SDKROOT = macosx10.6;
			};
			name = Release;
		};
		5382011E26B8B03800A3AF77 /* Debug */ = {
			isa = XCBuildConfiguration;
			buildSettings = {
				COPY_PHASE_STRIP = NO;
				DEBUGGING_SYMBOLS = YES;
				GCC_DYNAMIC_NO_PIC = NO;
				GCC_ENABLE_FIX_AND_CONTINUE = YES;
				GCC_GENERATE_DEBUGGING_SYMBOLS = YES;
				GCC_OPTIMIZATION_LEVEL = 0;
				OTHER_CFLAGS = "";
				OTHER_LDFLAGS = "";
				PRODUCT_NAME = mlx;
			};
			name = Debug;
		};
		5382011F26B8B03800A3AF77 /* Release */ = {
			isa = XCBuildConfiguration;
			buildSettings = {
				COPY_PHASE_STRIP = YES;
				DEBUG_INFORMATION_FORMAT = "dwarf-with-dsym";
				GCC_ENABLE_FIX_AND_CONTINUE = NO;
				OTHER_CFLAGS = "";
				OTHER_LDFLAGS = "";
				PRODUCT_NAME = mlx;
			};
			name = Release;
		};
/* End XCBuildConfiguration section */

/* Begin XCConfigurationList section */
		5382010026B8B03800A3AF77 /* Build configuration list for PBXProject "mlx" */ = {
			isa = XCConfigurationList;
			buildConfigurations = (
				538200FE26B8B03800A3AF77 /* Debug */,
				538200FF26B8B03800A3AF77 /* Release */,
			);
			defaultConfigurationIsVisible = 0;
			defaultConfigurationName = Release;
		};
		5382011D26B8B03800A3AF77 /* Build configuration list for PBXLegacyTarget "mlx" */ = {
			isa = XCConfigurationList;
			buildConfigurations = (
				5382011E26B8B03800A3AF77 /* Debug */,
				5382011F26B8B03800A3AF77 /* Release */,
			);
			defaultConfigurationIsVisible = 0;
			defaultConfigurationName = Release;
		};
/* End XCConfigurationList section */
	};
	rootObject = 538200FD26B8B03800A3AF77 /* Project object */;
}
